
Microsoft Visual Studio Solution File, Format Version 12.00
# Visual Studio 15
VisualStudioVersion = 15.0.28010.0
MinimumVisualStudioVersion = 10.0.40219.1
Project("{FAE04EC0-301F-11D3-BF4B-00C04F79EFBC}") = "HelloWorldSpring19", "HelloWorldSpring19\HelloWorldSpring19.csproj", "{44D67849-9EF4-41E1-98F2-A6C8C2595CBC}"
EndProject
Project("{FAE04EC0-301F-11D3-BF4B-00C04F79EFBC}") = "HelloWorldSpring19.Tests", "HelloWorldSpring19.Tests\HelloWorldSpring19.Tests.csproj", "{F3654C6E-49EC-4621-898C-D1FBB8F31496}"
EndProject
Global
	GlobalSection(SolutionConfigurationPlatforms) = preSolution
		Debug|Any CPU = Debug|Any CPU
		Release|Any CPU = Release|Any CPU
	EndGlobalSection
	GlobalSection(ProjectConfigurationPlatforms) = postSolution
		{44D67849-9EF4-41E1-98F2-A6C8C2595CBC}.Debug|Any CPU.ActiveCfg = Debug|Any CPU
		{44D67849-9EF4-41E1-98F2-A6C8C2595CBC}.Debug|Any CPU.Build.0 = Debug|Any CPU
		{44D67849-9EF4-41E1-98F2-A6C8C2595CBC}.Release|Any CPU.ActiveCfg = Release|Any CPU
		{44D67849-9EF4-41E1-98F2-A6C8C2595CBC}.Release|Any CPU.Build.0 = Release|Any CPU
		{F3654C6E-49EC-4621-898C-D1FBB8F31496}.Debug|Any CPU.ActiveCfg = Debug|Any CPU
		{F3654C6E-49EC-4621-898C-D1FBB8F31496}.Debug|Any CPU.Build.0 = Debug|Any CPU
		{F3654C6E-49EC-4621-898C-D1FBB8F31496}.Release|Any CPU.ActiveCfg = Release|Any CPU
		{F3654C6E-49EC-4621-898C-D1FBB8F31496}.Release|Any CPU.Build.0 = Release|Any CPU
	EndGlobalSection
	GlobalSection(SolutionProperties) = preSolution
		HideSolutionNode = FALSE
	EndGlobalSection
	GlobalSection(ExtensibilityGlobals) = postSolution
		SolutionGuid = {552C89B6-6918-4D12-8176-6F3A95F3D014}
	EndGlobalSection
EndGlobal
